
Microsoft Visual Studio Solution File, Format Version 12.00
# Visual Studio 14
VisualStudioVersion = 14.0.23107.0
MinimumVisualStudioVersion = 10.0.40219.1
Project("{FAE04EC0-301F-11D3-BF4B-00C04F79EFBC}") = "Uppgift_4", "laborationer_Johan_Thorner\Uppgift_4.csproj", "{FBA7D579-CEE1-46B2-A13E-35B7B7175534}"
EndProject
Project("{2150E333-8FDC-42A3-9474-1A3956D46DE8}") = "Labb1", "Labb1", "{64A518CB-AF88-4882-BF22-37F3E7245F9D}"
	ProjectSection(SolutionItems) = preProject
		lab1_ovning1.txt = lab1_ovning1.txt
		labb_ovning2.txt = labb_ovning2.txt
	EndProjectSection
EndProject
Project("{FAE04EC0-301F-11D3-BF4B-00C04F79EFBC}") = "Uppgift_3", "Uppgift 1\Uppgift_3.csproj", "{F72C84EB-CA1B-4C44-848C-264748C793FD}"
EndProject
Project("{2150E333-8FDC-42A3-9474-1A3956D46DE8}") = "labb2", "labb2", "{3FE14649-E405-47F3-982A-AB3C69B20D01}"
	ProjectSection(SolutionItems) = preProject
		labb_2\repititionsfrågor.txt = labb_2\repititionsfrågor.txt
	EndProjectSection
EndProject
Project("{FAE04EC0-301F-11D3-BF4B-00C04F79EFBC}") = "lab_2uppgift_1", "lab_2uppgift_1\lab_2uppgift_1.csproj", "{1AFF74EB-E76A-4D7F-808F-3C464CE56416}"
EndProject
Project("{2150E333-8FDC-42A3-9474-1A3956D46DE8}") = "labb3", "labb3", "{9A9408F5-1B09-44AE-85C0-9C5A5C9F3E9C}"
EndProject
Project("{FAE04EC0-301F-11D3-BF4B-00C04F79EFBC}") = "upg_1", "upg_1\upg_1.csproj", "{9E9C253F-C807-46D5-96B2-9C1435F86408}"
EndProject
Project("{FAE04EC0-301F-11D3-BF4B-00C04F79EFBC}") = "Upg_2", "Upg_2\Upg_2.csproj", "{0556CB65-62B1-46D5-95BB-2EC591BDD249}"
EndProject
Project("{FAE04EC0-301F-11D3-BF4B-00C04F79EFBC}") = "upg_3", "upg_3\upg_3.csproj", "{28DE1AC1-ACF5-4C9F-92D6-306CF926A201}"
EndProject
Project("{FAE04EC0-301F-11D3-BF4B-00C04F79EFBC}") = "upg_4", "upg_4\upg_4.csproj", "{99AC7EA5-FD09-4704-A19B-98E84D3A8411}"
EndProject
Project("{FAE04EC0-301F-11D3-BF4B-00C04F79EFBC}") = "upg_5", "upg_5\upg_5.csproj", "{5F7B929E-76B4-4B22-BE45-CBCA4F577AE5}"
EndProject
Project("{FAE04EC0-301F-11D3-BF4B-00C04F79EFBC}") = "upg_6", "upg_6\upg_6.csproj", "{D440F661-E031-44FC-8CEC-84EE9FDE1624}"
EndProject
Project("{2150E333-8FDC-42A3-9474-1A3956D46DE8}") = "labb4", "labb4", "{8585C4A9-8414-43DD-B9D6-FC81E4D2CE52}"
EndProject
Project("{FAE04EC0-301F-11D3-BF4B-00C04F79EFBC}") = "labb_4_upg_1", "labb_4_upg_1\labb_4_upg_1.csproj", "{FAFD16EF-D818-4CC5-A8E5-D7D758FDCCBF}"
EndProject
Project("{FAE04EC0-301F-11D3-BF4B-00C04F79EFBC}") = "labb_4_upg_2", "labb_4_upg_2\labb_4_upg_2.csproj", "{814FD27A-2662-46A0-B406-681337D21936}"
EndProject
Project("{FAE04EC0-301F-11D3-BF4B-00C04F79EFBC}") = "labb_4_upg_3", "lab_4_upg_3\labb_4_upg_3.csproj", "{A610D290-9DFF-4133-BAA6-BBA833B45CBA}"
EndProject
Project("{FAE04EC0-301F-11D3-BF4B-00C04F79EFBC}") = "labb_4_upg_4", "labb_4_upg_4\labb_4_upg_4.csproj", "{4C54EB83-562B-4CC4-978C-E7C5389EF956}"
EndProject
Project("{FAE04EC0-301F-11D3-BF4B-00C04F79EFBC}") = "labb_4_upg_5", "labb_upg_5\labb_4_upg_5.csproj", "{CCD44F30-3413-4999-9050-051271EA9768}"
EndProject
Project("{FAE04EC0-301F-11D3-BF4B-00C04F79EFBC}") = "labb_4_upg_6", "labb_upg_6\labb_4_upg_6.csproj", "{06E199AA-68F0-4C6C-9B8E-AE3A9683AD35}"
EndProject
Project("{2150E333-8FDC-42A3-9474-1A3956D46DE8}") = "labb5", "labb5", "{3F20DFED-3D45-461D-BD35-BA817BBDF8A4}"
EndProject
Project("{FAE04EC0-301F-11D3-BF4B-00C04F79EFBC}") = "Labb5", "Labb5\Labb5.csproj", "{35E40DBB-03E8-4FD9-A0D7-F3715F87D5D7}"
EndProject
Global
	GlobalSection(SolutionConfigurationPlatforms) = preSolution
		Debug|Any CPU = Debug|Any CPU
		Release|Any CPU = Release|Any CPU
	EndGlobalSection
	GlobalSection(ProjectConfigurationPlatforms) = postSolution
		{FBA7D579-CEE1-46B2-A13E-35B7B7175534}.Debug|Any CPU.ActiveCfg = Debug|Any CPU
		{FBA7D579-CEE1-46B2-A13E-35B7B7175534}.Debug|Any CPU.Build.0 = Debug|Any CPU
		{FBA7D579-CEE1-46B2-A13E-35B7B7175534}.Release|Any CPU.ActiveCfg = Release|Any CPU
		{FBA7D579-CEE1-46B2-A13E-35B7B7175534}.Release|Any CPU.Build.0 = Release|Any CPU
		{F72C84EB-CA1B-4C44-848C-264748C793FD}.Debug|Any CPU.ActiveCfg = Debug|Any CPU
		{F72C84EB-CA1B-4C44-848C-264748C793FD}.Debug|Any CPU.Build.0 = Debug|Any CPU
		{F72C84EB-CA1B-4C44-848C-264748C793FD}.Release|Any CPU.ActiveCfg = Release|Any CPU
		{F72C84EB-CA1B-4C44-848C-264748C793FD}.Release|Any CPU.Build.0 = Release|Any CPU
		{1AFF74EB-E76A-4D7F-808F-3C464CE56416}.Debug|Any CPU.ActiveCfg = Debug|Any CPU
		{1AFF74EB-E76A-4D7F-808F-3C464CE56416}.Debug|Any CPU.Build.0 = Debug|Any CPU
		{1AFF74EB-E76A-4D7F-808F-3C464CE56416}.Release|Any CPU.ActiveCfg = Release|Any CPU
		{1AFF74EB-E76A-4D7F-808F-3C464CE56416}.Release|Any CPU.Build.0 = Release|Any CPU
		{9E9C253F-C807-46D5-96B2-9C1435F86408}.Debug|Any CPU.ActiveCfg = Debug|Any CPU
		{9E9C253F-C807-46D5-96B2-9C1435F86408}.Debug|Any CPU.Build.0 = Debug|Any CPU
		{9E9C253F-C807-46D5-96B2-9C1435F86408}.Release|Any CPU.ActiveCfg = Release|Any CPU
		{9E9C253F-C807-46D5-96B2-9C1435F86408}.Release|Any CPU.Build.0 = Release|Any CPU
		{0556CB65-62B1-46D5-95BB-2EC591BDD249}.Debug|Any CPU.ActiveCfg = Debug|Any CPU
		{0556CB65-62B1-46D5-95BB-2EC591BDD249}.Debug|Any CPU.Build.0 = Debug|Any CPU
		{0556CB65-62B1-46D5-95BB-2EC591BDD249}.Release|Any CPU.ActiveCfg = Release|Any CPU
		{0556CB65-62B1-46D5-95BB-2EC591BDD249}.Release|Any CPU.Build.0 = Release|Any CPU
		{28DE1AC1-ACF5-4C9F-92D6-306CF926A201}.Debug|Any CPU.ActiveCfg = Debug|Any CPU
		{28DE1AC1-ACF5-4C9F-92D6-306CF926A201}.Debug|Any CPU.Build.0 = Debug|Any CPU
		{28DE1AC1-ACF5-4C9F-92D6-306CF926A201}.Release|Any CPU.ActiveCfg = Release|Any CPU
		{28DE1AC1-ACF5-4C9F-92D6-306CF926A201}.Release|Any CPU.Build.0 = Release|Any CPU
		{99AC7EA5-FD09-4704-A19B-98E84D3A8411}.Debug|Any CPU.ActiveCfg = Debug|Any CPU
		{99AC7EA5-FD09-4704-A19B-98E84D3A8411}.Debug|Any CPU.Build.0 = Debug|Any CPU
		{99AC7EA5-FD09-4704-A19B-98E84D3A8411}.Release|Any CPU.ActiveCfg = Release|Any CPU
		{99AC7EA5-FD09-4704-A19B-98E84D3A8411}.Release|Any CPU.Build.0 = Release|Any CPU
		{5F7B929E-76B4-4B22-BE45-CBCA4F577AE5}.Debug|Any CPU.ActiveCfg = Debug|Any CPU
		{5F7B929E-76B4-4B22-BE45-CBCA4F577AE5}.Debug|Any CPU.Build.0 = Debug|Any CPU
		{5F7B929E-76B4-4B22-BE45-CBCA4F577AE5}.Release|Any CPU.ActiveCfg = Release|Any CPU
		{5F7B929E-76B4-4B22-BE45-CBCA4F577AE5}.Release|Any CPU.Build.0 = Release|Any CPU
		{D440F661-E031-44FC-8CEC-84EE9FDE1624}.Debug|Any CPU.ActiveCfg = Debug|Any CPU
		{D440F661-E031-44FC-8CEC-84EE9FDE1624}.Debug|Any CPU.Build.0 = Debug|Any CPU
		{D440F661-E031-44FC-8CEC-84EE9FDE1624}.Release|Any CPU.ActiveCfg = Release|Any CPU
		{D440F661-E031-44FC-8CEC-84EE9FDE1624}.Release|Any CPU.Build.0 = Release|Any CPU
		{FAFD16EF-D818-4CC5-A8E5-D7D758FDCCBF}.Debug|Any CPU.ActiveCfg = Debug|Any CPU
		{FAFD16EF-D818-4CC5-A8E5-D7D758FDCCBF}.Debug|Any CPU.Build.0 = Debug|Any CPU
		{FAFD16EF-D818-4CC5-A8E5-D7D758FDCCBF}.Release|Any CPU.ActiveCfg = Release|Any CPU
		{FAFD16EF-D818-4CC5-A8E5-D7D758FDCCBF}.Release|Any CPU.Build.0 = Release|Any CPU
		{814FD27A-2662-46A0-B406-681337D21936}.Debug|Any CPU.ActiveCfg = Debug|Any CPU
		{814FD27A-2662-46A0-B406-681337D21936}.Debug|Any CPU.Build.0 = Debug|Any CPU
		{814FD27A-2662-46A0-B406-681337D21936}.Release|Any CPU.ActiveCfg = Release|Any CPU
		{814FD27A-2662-46A0-B406-681337D21936}.Release|Any CPU.Build.0 = Release|Any CPU
		{A610D290-9DFF-4133-BAA6-BBA833B45CBA}.Debug|Any CPU.ActiveCfg = Debug|Any CPU
		{A610D290-9DFF-4133-BAA6-BBA833B45CBA}.Debug|Any CPU.Build.0 = Debug|Any CPU
		{A610D290-9DFF-4133-BAA6-BBA833B45CBA}.Release|Any CPU.ActiveCfg = Release|Any CPU
		{A610D290-9DFF-4133-BAA6-BBA833B45CBA}.Release|Any CPU.Build.0 = Release|Any CPU
		{4C54EB83-562B-4CC4-978C-E7C5389EF956}.Debug|Any CPU.ActiveCfg = Debug|Any CPU
		{4C54EB83-562B-4CC4-978C-E7C5389EF956}.Debug|Any CPU.Build.0 = Debug|Any CPU
		{4C54EB83-562B-4CC4-978C-E7C5389EF956}.Release|Any CPU.ActiveCfg = Release|Any CPU
		{4C54EB83-562B-4CC4-978C-E7C5389EF956}.Release|Any CPU.Build.0 = Release|Any CPU
		{CCD44F30-3413-4999-9050-051271EA9768}.Debug|Any CPU.ActiveCfg = Debug|Any CPU
		{CCD44F30-3413-4999-9050-051271EA9768}.Debug|Any CPU.Build.0 = Debug|Any CPU
		{CCD44F30-3413-4999-9050-051271EA9768}.Release|Any CPU.ActiveCfg = Release|Any CPU
		{CCD44F30-3413-4999-9050-051271EA9768}.Release|Any CPU.Build.0 = Release|Any CPU
		{06E199AA-68F0-4C6C-9B8E-AE3A9683AD35}.Debug|Any CPU.ActiveCfg = Debug|Any CPU
		{06E199AA-68F0-4C6C-9B8E-AE3A9683AD35}.Debug|Any CPU.Build.0 = Debug|Any CPU
		{06E199AA-68F0-4C6C-9B8E-AE3A9683AD35}.Release|Any CPU.ActiveCfg = Release|Any CPU
		{06E199AA-68F0-4C6C-9B8E-AE3A9683AD35}.Release|Any CPU.Build.0 = Release|Any CPU
		{35E40DBB-03E8-4FD9-A0D7-F3715F87D5D7}.Debug|Any CPU.ActiveCfg = Debug|Any CPU
		{35E40DBB-03E8-4FD9-A0D7-F3715F87D5D7}.Debug|Any CPU.Build.0 = Debug|Any CPU
		{35E40DBB-03E8-4FD9-A0D7-F3715F87D5D7}.Release|Any CPU.ActiveCfg = Release|Any CPU
		{35E40DBB-03E8-4FD9-A0D7-F3715F87D5D7}.Release|Any CPU.Build.0 = Release|Any CPU
	EndGlobalSection
	GlobalSection(SolutionProperties) = preSolution
		HideSolutionNode = FALSE
	EndGlobalSection
	GlobalSection(NestedProjects) = preSolution
		{FBA7D579-CEE1-46B2-A13E-35B7B7175534} = {64A518CB-AF88-4882-BF22-37F3E7245F9D}
		{F72C84EB-CA1B-4C44-848C-264748C793FD} = {64A518CB-AF88-4882-BF22-37F3E7245F9D}
		{1AFF74EB-E76A-4D7F-808F-3C464CE56416} = {3FE14649-E405-47F3-982A-AB3C69B20D01}
		{9E9C253F-C807-46D5-96B2-9C1435F86408} = {9A9408F5-1B09-44AE-85C0-9C5A5C9F3E9C}
		{0556CB65-62B1-46D5-95BB-2EC591BDD249} = {9A9408F5-1B09-44AE-85C0-9C5A5C9F3E9C}
		{28DE1AC1-ACF5-4C9F-92D6-306CF926A201} = {9A9408F5-1B09-44AE-85C0-9C5A5C9F3E9C}
		{99AC7EA5-FD09-4704-A19B-98E84D3A8411} = {9A9408F5-1B09-44AE-85C0-9C5A5C9F3E9C}
		{5F7B929E-76B4-4B22-BE45-CBCA4F577AE5} = {9A9408F5-1B09-44AE-85C0-9C5A5C9F3E9C}
		{D440F661-E031-44FC-8CEC-84EE9FDE1624} = {9A9408F5-1B09-44AE-85C0-9C5A5C9F3E9C}
		{FAFD16EF-D818-4CC5-A8E5-D7D758FDCCBF} = {8585C4A9-8414-43DD-B9D6-FC81E4D2CE52}
		{814FD27A-2662-46A0-B406-681337D21936} = {8585C4A9-8414-43DD-B9D6-FC81E4D2CE52}
		{A610D290-9DFF-4133-BAA6-BBA833B45CBA} = {8585C4A9-8414-43DD-B9D6-FC81E4D2CE52}
		{4C54EB83-562B-4CC4-978C-E7C5389EF956} = {8585C4A9-8414-43DD-B9D6-FC81E4D2CE52}
		{CCD44F30-3413-4999-9050-051271EA9768} = {8585C4A9-8414-43DD-B9D6-FC81E4D2CE52}
		{06E199AA-68F0-4C6C-9B8E-AE3A9683AD35} = {8585C4A9-8414-43DD-B9D6-FC81E4D2CE52}
		{35E40DBB-03E8-4FD9-A0D7-F3715F87D5D7} = {3F20DFED-3D45-461D-BD35-BA817BBDF8A4}
	EndGlobalSection
EndGlobal
